
Microsoft Visual Studio Solution File, Format Version 12.00
# Visual Studio Version 17
VisualStudioVersion = 17.3.32825.248
MinimumVisualStudioVersion = 10.0.40219.1
Project("{FAE04EC0-301F-11D3-BF4B-00C04F79EFBC}") = "MandatoryAssignmentClassLibrary", "MandatoryAssignmentClassLibrary\MandatoryAssignmentClassLibrary.csproj", "{68104303-1B2A-4C60-AE65-432C5FB3C07C}"
EndProject
Project("{FAE04EC0-301F-11D3-BF4B-00C04F79EFBC}") = "MandatoryAssignmentClassLibraryTests", "MandatoryAssignmentClassLibraryTests\MandatoryAssignmentClassLibraryTests.csproj", "{3DC42CB7-51CD-439C-84E6-479E81E7CA05}"
EndProject
Global
	GlobalSection(SolutionConfigurationPlatforms) = preSolution
		Debug|Any CPU = Debug|Any CPU
		Release|Any CPU = Release|Any CPU
	EndGlobalSection
	GlobalSection(ProjectConfigurationPlatforms) = postSolution
		{68104303-1B2A-4C60-AE65-432C5FB3C07C}.Debug|Any CPU.ActiveCfg = Debug|Any CPU
		{68104303-1B2A-4C60-AE65-432C5FB3C07C}.Debug|Any CPU.Build.0 = Debug|Any CPU
		{68104303-1B2A-4C60-AE65-432C5FB3C07C}.Release|Any CPU.ActiveCfg = Release|Any CPU
		{68104303-1B2A-4C60-AE65-432C5FB3C07C}.Release|Any CPU.Build.0 = Release|Any CPU
		{3DC42CB7-51CD-439C-84E6-479E81E7CA05}.Debug|Any CPU.ActiveCfg = Debug|Any CPU
		{3DC42CB7-51CD-439C-84E6-479E81E7CA05}.Debug|Any CPU.Build.0 = Debug|Any CPU
		{3DC42CB7-51CD-439C-84E6-479E81E7CA05}.Release|Any CPU.ActiveCfg = Release|Any CPU
		{3DC42CB7-51CD-439C-84E6-479E81E7CA05}.Release|Any CPU.Build.0 = Release|Any CPU
	EndGlobalSection
	GlobalSection(SolutionProperties) = preSolution
		HideSolutionNode = FALSE
	EndGlobalSection
	GlobalSection(ExtensibilityGlobals) = postSolution
		SolutionGuid = {C3AE07C1-C4BD-4082-9FD9-451BC1CFC7EE}
	EndGlobalSection
EndGlobal
